
Microsoft Visual Studio Solution File, Format Version 12.00
# Visual Studio 14
VisualStudioVersion = 14.0.24720.0
MinimumVisualStudioVersion = 10.0.40219.1
Project("{FAE04EC0-301F-11D3-BF4B-00C04F79EFBC}") = "MasterServer", "MasterServer\MasterServer.csproj", "{C8139AEA-F176-4C6A-B875-C0731692ADBB}"
	ProjectSection(ProjectDependencies) = postProject
		{08ED5B84-34D6-40BF-9AA9-EF3F19D36E7F} = {08ED5B84-34D6-40BF-9AA9-EF3F19D36E7F}
		{79561AD6-1365-4256-896C-80CF6FCDD68D} = {79561AD6-1365-4256-896C-80CF6FCDD68D}
	EndProjectSection
EndProject
Project("{FAE04EC0-301F-11D3-BF4B-00C04F79EFBC}") = "S2SProtocol", "S2SProtocol\S2SProtocol.csproj", "{08ED5B84-34D6-40BF-9AA9-EF3F19D36E7F}"
	ProjectSection(ProjectDependencies) = postProject
		{E788FCDB-88D8-4868-9CC6-F250FE1068C9} = {E788FCDB-88D8-4868-9CC6-F250FE1068C9}
	EndProjectSection
EndProject
Project("{FAE04EC0-301F-11D3-BF4B-00C04F79EFBC}") = "C2SProtocol", "C2SProtocol\C2SProtocol.csproj", "{79561AD6-1365-4256-896C-80CF6FCDD68D}"
	ProjectSection(ProjectDependencies) = postProject
		{E788FCDB-88D8-4868-9CC6-F250FE1068C9} = {E788FCDB-88D8-4868-9CC6-F250FE1068C9}
	EndProjectSection
EndProject
Project("{FAE04EC0-301F-11D3-BF4B-00C04F79EFBC}") = "Protocol", "Protocol\Protocol.csproj", "{E788FCDB-88D8-4868-9CC6-F250FE1068C9}"
EndProject
Project("{FAE04EC0-301F-11D3-BF4B-00C04F79EFBC}") = "LoginServer", "LoginServer\LoginServer.csproj", "{C81A74B3-48B2-4CFA-8317-D1668BD71B8B}"
	ProjectSection(ProjectDependencies) = postProject
		{08ED5B84-34D6-40BF-9AA9-EF3F19D36E7F} = {08ED5B84-34D6-40BF-9AA9-EF3F19D36E7F}
		{79561AD6-1365-4256-896C-80CF6FCDD68D} = {79561AD6-1365-4256-896C-80CF6FCDD68D}
	EndProjectSection
EndProject
Project("{FAE04EC0-301F-11D3-BF4B-00C04F79EFBC}") = "DatabaseServer", "DatabaseServer\DatabaseServer.csproj", "{5471BE80-5A9B-4A29-ACAC-CD7FF7E3FC1D}"
	ProjectSection(ProjectDependencies) = postProject
		{08ED5B84-34D6-40BF-9AA9-EF3F19D36E7F} = {08ED5B84-34D6-40BF-9AA9-EF3F19D36E7F}
	EndProjectSection
EndProject
Project("{FAE04EC0-301F-11D3-BF4B-00C04F79EFBC}") = "ProxyServer", "ProxyServer\ProxyServer.csproj", "{DF0B9324-07CC-4985-ADDA-AAC7C210ACC6}"
	ProjectSection(ProjectDependencies) = postProject
		{08ED5B84-34D6-40BF-9AA9-EF3F19D36E7F} = {08ED5B84-34D6-40BF-9AA9-EF3F19D36E7F}
		{79561AD6-1365-4256-896C-80CF6FCDD68D} = {79561AD6-1365-4256-896C-80CF6FCDD68D}
	EndProjectSection
EndProject
Project("{FAE04EC0-301F-11D3-BF4B-00C04F79EFBC}") = "LobbyServer", "LobbyServer\LobbyServer.csproj", "{04A68805-61DB-40C5-96AD-588C3A41600A}"
	ProjectSection(ProjectDependencies) = postProject
		{08ED5B84-34D6-40BF-9AA9-EF3F19D36E7F} = {08ED5B84-34D6-40BF-9AA9-EF3F19D36E7F}
		{79561AD6-1365-4256-896C-80CF6FCDD68D} = {79561AD6-1365-4256-896C-80CF6FCDD68D}
	EndProjectSection
EndProject
Project("{FAE04EC0-301F-11D3-BF4B-00C04F79EFBC}") = "LogicServer", "LogicServer\LogicServer.csproj", "{82033AFD-ACCC-4629-87B8-5010355D0826}"
	ProjectSection(ProjectDependencies) = postProject
		{08ED5B84-34D6-40BF-9AA9-EF3F19D36E7F} = {08ED5B84-34D6-40BF-9AA9-EF3F19D36E7F}
		{79561AD6-1365-4256-896C-80CF6FCDD68D} = {79561AD6-1365-4256-896C-80CF6FCDD68D}
	EndProjectSection
EndProject
Global
	GlobalSection(SolutionConfigurationPlatforms) = preSolution
		Debug|Any CPU = Debug|Any CPU
		Debug|x64 = Debug|x64
		Debug|x86 = Debug|x86
		Release|Any CPU = Release|Any CPU
		Release|x64 = Release|x64
		Release|x86 = Release|x86
	EndGlobalSection
	GlobalSection(ProjectConfigurationPlatforms) = postSolution
		{C8139AEA-F176-4C6A-B875-C0731692ADBB}.Debug|Any CPU.ActiveCfg = Debug|Any CPU
		{C8139AEA-F176-4C6A-B875-C0731692ADBB}.Debug|Any CPU.Build.0 = Debug|Any CPU
		{C8139AEA-F176-4C6A-B875-C0731692ADBB}.Debug|x64.ActiveCfg = Debug|x64
		{C8139AEA-F176-4C6A-B875-C0731692ADBB}.Debug|x64.Build.0 = Debug|x64
		{C8139AEA-F176-4C6A-B875-C0731692ADBB}.Debug|x86.ActiveCfg = Debug|x86
		{C8139AEA-F176-4C6A-B875-C0731692ADBB}.Debug|x86.Build.0 = Debug|x86
		{C8139AEA-F176-4C6A-B875-C0731692ADBB}.Release|Any CPU.ActiveCfg = Release|Any CPU
		{C8139AEA-F176-4C6A-B875-C0731692ADBB}.Release|Any CPU.Build.0 = Release|Any CPU
		{C8139AEA-F176-4C6A-B875-C0731692ADBB}.Release|x64.ActiveCfg = Release|Any CPU
		{C8139AEA-F176-4C6A-B875-C0731692ADBB}.Release|x64.Build.0 = Release|Any CPU
		{C8139AEA-F176-4C6A-B875-C0731692ADBB}.Release|x86.ActiveCfg = Release|x86
		{C8139AEA-F176-4C6A-B875-C0731692ADBB}.Release|x86.Build.0 = Release|x86
		{08ED5B84-34D6-40BF-9AA9-EF3F19D36E7F}.Debug|Any CPU.ActiveCfg = Debug|Any CPU
		{08ED5B84-34D6-40BF-9AA9-EF3F19D36E7F}.Debug|Any CPU.Build.0 = Debug|Any CPU
		{08ED5B84-34D6-40BF-9AA9-EF3F19D36E7F}.Debug|x64.ActiveCfg = Debug|x64
		{08ED5B84-34D6-40BF-9AA9-EF3F19D36E7F}.Debug|x64.Build.0 = Debug|x64
		{08ED5B84-34D6-40BF-9AA9-EF3F19D36E7F}.Debug|x86.ActiveCfg = Debug|x86
		{08ED5B84-34D6-40BF-9AA9-EF3F19D36E7F}.Debug|x86.Build.0 = Debug|x86
		{08ED5B84-34D6-40BF-9AA9-EF3F19D36E7F}.Release|Any CPU.ActiveCfg = Release|Any CPU
		{08ED5B84-34D6-40BF-9AA9-EF3F19D36E7F}.Release|Any CPU.Build.0 = Release|Any CPU
		{08ED5B84-34D6-40BF-9AA9-EF3F19D36E7F}.Release|x64.ActiveCfg = Release|Any CPU
		{08ED5B84-34D6-40BF-9AA9-EF3F19D36E7F}.Release|x64.Build.0 = Release|Any CPU
		{08ED5B84-34D6-40BF-9AA9-EF3F19D36E7F}.Release|x86.ActiveCfg = Release|x86
		{08ED5B84-34D6-40BF-9AA9-EF3F19D36E7F}.Release|x86.Build.0 = Release|x86
		{79561AD6-1365-4256-896C-80CF6FCDD68D}.Debug|Any CPU.ActiveCfg = Debug|Any CPU
		{79561AD6-1365-4256-896C-80CF6FCDD68D}.Debug|Any CPU.Build.0 = Debug|Any CPU
		{79561AD6-1365-4256-896C-80CF6FCDD68D}.Debug|x64.ActiveCfg = Debug|x64
		{79561AD6-1365-4256-896C-80CF6FCDD68D}.Debug|x64.Build.0 = Debug|x64
		{79561AD6-1365-4256-896C-80CF6FCDD68D}.Debug|x86.ActiveCfg = Debug|x86
		{79561AD6-1365-4256-896C-80CF6FCDD68D}.Debug|x86.Build.0 = Debug|x86
		{79561AD6-1365-4256-896C-80CF6FCDD68D}.Release|Any CPU.ActiveCfg = Release|Any CPU
		{79561AD6-1365-4256-896C-80CF6FCDD68D}.Release|Any CPU.Build.0 = Release|Any CPU
		{79561AD6-1365-4256-896C-80CF6FCDD68D}.Release|x64.ActiveCfg = Release|Any CPU
		{79561AD6-1365-4256-896C-80CF6FCDD68D}.Release|x64.Build.0 = Release|Any CPU
		{79561AD6-1365-4256-896C-80CF6FCDD68D}.Release|x86.ActiveCfg = Release|x86
		{79561AD6-1365-4256-896C-80CF6FCDD68D}.Release|x86.Build.0 = Release|x86
		{E788FCDB-88D8-4868-9CC6-F250FE1068C9}.Debug|Any CPU.ActiveCfg = Debug|Any CPU
		{E788FCDB-88D8-4868-9CC6-F250FE1068C9}.Debug|Any CPU.Build.0 = Debug|Any CPU
		{E788FCDB-88D8-4868-9CC6-F250FE1068C9}.Debug|x64.ActiveCfg = Debug|x64
		{E788FCDB-88D8-4868-9CC6-F250FE1068C9}.Debug|x64.Build.0 = Debug|x64
		{E788FCDB-88D8-4868-9CC6-F250FE1068C9}.Debug|x86.ActiveCfg = Debug|x86
		{E788FCDB-88D8-4868-9CC6-F250FE1068C9}.Debug|x86.Build.0 = Debug|x86
		{E788FCDB-88D8-4868-9CC6-F250FE1068C9}.Release|Any CPU.ActiveCfg = Release|Any CPU
		{E788FCDB-88D8-4868-9CC6-F250FE1068C9}.Release|Any CPU.Build.0 = Release|Any CPU
		{E788FCDB-88D8-4868-9CC6-F250FE1068C9}.Release|x64.ActiveCfg = Release|Any CPU
		{E788FCDB-88D8-4868-9CC6-F250FE1068C9}.Release|x64.Build.0 = Release|Any CPU
		{E788FCDB-88D8-4868-9CC6-F250FE1068C9}.Release|x86.ActiveCfg = Release|x86
		{E788FCDB-88D8-4868-9CC6-F250FE1068C9}.Release|x86.Build.0 = Release|x86
		{C81A74B3-48B2-4CFA-8317-D1668BD71B8B}.Debug|Any CPU.ActiveCfg = Debug|Any CPU
		{C81A74B3-48B2-4CFA-8317-D1668BD71B8B}.Debug|Any CPU.Build.0 = Debug|Any CPU
		{C81A74B3-48B2-4CFA-8317-D1668BD71B8B}.Debug|x64.ActiveCfg = Debug|x64
		{C81A74B3-48B2-4CFA-8317-D1668BD71B8B}.Debug|x64.Build.0 = Debug|x64
		{C81A74B3-48B2-4CFA-8317-D1668BD71B8B}.Debug|x86.ActiveCfg = Debug|x86
		{C81A74B3-48B2-4CFA-8317-D1668BD71B8B}.Debug|x86.Build.0 = Debug|x86
		{C81A74B3-48B2-4CFA-8317-D1668BD71B8B}.Release|Any CPU.ActiveCfg = Release|Any CPU
		{C81A74B3-48B2-4CFA-8317-D1668BD71B8B}.Release|Any CPU.Build.0 = Release|Any CPU
		{C81A74B3-48B2-4CFA-8317-D1668BD71B8B}.Release|x64.ActiveCfg = Release|Any CPU
		{C81A74B3-48B2-4CFA-8317-D1668BD71B8B}.Release|x64.Build.0 = Release|Any CPU
		{C81A74B3-48B2-4CFA-8317-D1668BD71B8B}.Release|x86.ActiveCfg = Release|x86
		{C81A74B3-48B2-4CFA-8317-D1668BD71B8B}.Release|x86.Build.0 = Release|x86
		{5471BE80-5A9B-4A29-ACAC-CD7FF7E3FC1D}.Debug|Any CPU.ActiveCfg = Debug|Any CPU
		{5471BE80-5A9B-4A29-ACAC-CD7FF7E3FC1D}.Debug|Any CPU.Build.0 = Debug|Any CPU
		{5471BE80-5A9B-4A29-ACAC-CD7FF7E3FC1D}.Debug|x64.ActiveCfg = Debug|x64
		{5471BE80-5A9B-4A29-ACAC-CD7FF7E3FC1D}.Debug|x64.Build.0 = Debug|x64
		{5471BE80-5A9B-4A29-ACAC-CD7FF7E3FC1D}.Debug|x86.ActiveCfg = Debug|x86
		{5471BE80-5A9B-4A29-ACAC-CD7FF7E3FC1D}.Debug|x86.Build.0 = Debug|x86
		{5471BE80-5A9B-4A29-ACAC-CD7FF7E3FC1D}.Release|Any CPU.ActiveCfg = Release|Any CPU
		{5471BE80-5A9B-4A29-ACAC-CD7FF7E3FC1D}.Release|Any CPU.Build.0 = Release|Any CPU
		{5471BE80-5A9B-4A29-ACAC-CD7FF7E3FC1D}.Release|x64.ActiveCfg = Release|Any CPU
		{5471BE80-5A9B-4A29-ACAC-CD7FF7E3FC1D}.Release|x64.Build.0 = Release|Any CPU
		{5471BE80-5A9B-4A29-ACAC-CD7FF7E3FC1D}.Release|x86.ActiveCfg = Release|x86
		{5471BE80-5A9B-4A29-ACAC-CD7FF7E3FC1D}.Release|x86.Build.0 = Release|x86
		{DF0B9324-07CC-4985-ADDA-AAC7C210ACC6}.Debug|Any CPU.ActiveCfg = Debug|Any CPU
		{DF0B9324-07CC-4985-ADDA-AAC7C210ACC6}.Debug|Any CPU.Build.0 = Debug|Any CPU
		{DF0B9324-07CC-4985-ADDA-AAC7C210ACC6}.Debug|x64.ActiveCfg = Debug|x64
		{DF0B9324-07CC-4985-ADDA-AAC7C210ACC6}.Debug|x64.Build.0 = Debug|x64
		{DF0B9324-07CC-4985-ADDA-AAC7C210ACC6}.Debug|x86.ActiveCfg = Debug|x86
		{DF0B9324-07CC-4985-ADDA-AAC7C210ACC6}.Debug|x86.Build.0 = Debug|x86
		{DF0B9324-07CC-4985-ADDA-AAC7C210ACC6}.Release|Any CPU.ActiveCfg = Release|Any CPU
		{DF0B9324-07CC-4985-ADDA-AAC7C210ACC6}.Release|Any CPU.Build.0 = Release|Any CPU
		{DF0B9324-07CC-4985-ADDA-AAC7C210ACC6}.Release|x64.ActiveCfg = Release|Any CPU
		{DF0B9324-07CC-4985-ADDA-AAC7C210ACC6}.Release|x64.Build.0 = Release|Any CPU
		{DF0B9324-07CC-4985-ADDA-AAC7C210ACC6}.Release|x86.ActiveCfg = Release|x86
		{DF0B9324-07CC-4985-ADDA-AAC7C210ACC6}.Release|x86.Build.0 = Release|x86
		{04A68805-61DB-40C5-96AD-588C3A41600A}.Debug|Any CPU.ActiveCfg = Debug|Any CPU
		{04A68805-61DB-40C5-96AD-588C3A41600A}.Debug|Any CPU.Build.0 = Debug|Any CPU
		{04A68805-61DB-40C5-96AD-588C3A41600A}.Debug|x64.ActiveCfg = Debug|x64
		{04A68805-61DB-40C5-96AD-588C3A41600A}.Debug|x64.Build.0 = Debug|x64
		{04A68805-61DB-40C5-96AD-588C3A41600A}.Debug|x86.ActiveCfg = Debug|x86
		{04A68805-61DB-40C5-96AD-588C3A41600A}.Debug|x86.Build.0 = Debug|x86
		{04A68805-61DB-40C5-96AD-588C3A41600A}.Release|Any CPU.ActiveCfg = Release|Any CPU
		{04A68805-61DB-40C5-96AD-588C3A41600A}.Release|Any CPU.Build.0 = Release|Any CPU
		{04A68805-61DB-40C5-96AD-588C3A41600A}.Release|x64.ActiveCfg = Release|Any CPU
		{04A68805-61DB-40C5-96AD-588C3A41600A}.Release|x64.Build.0 = Release|Any CPU
		{04A68805-61DB-40C5-96AD-588C3A41600A}.Release|x86.ActiveCfg = Release|x86
		{04A68805-61DB-40C5-96AD-588C3A41600A}.Release|x86.Build.0 = Release|x86
		{82033AFD-ACCC-4629-87B8-5010355D0826}.Debug|Any CPU.ActiveCfg = Debug|Any CPU
		{82033AFD-ACCC-4629-87B8-5010355D0826}.Debug|Any CPU.Build.0 = Debug|Any CPU
		{82033AFD-ACCC-4629-87B8-5010355D0826}.Debug|x64.ActiveCfg = Debug|x64
		{82033AFD-ACCC-4629-87B8-5010355D0826}.Debug|x64.Build.0 = Debug|x64
		{82033AFD-ACCC-4629-87B8-5010355D0826}.Debug|x86.ActiveCfg = Debug|x86
		{82033AFD-ACCC-4629-87B8-5010355D0826}.Debug|x86.Build.0 = Debug|x86
		{82033AFD-ACCC-4629-87B8-5010355D0826}.Release|Any CPU.ActiveCfg = Release|Any CPU
		{82033AFD-ACCC-4629-87B8-5010355D0826}.Release|Any CPU.Build.0 = Release|Any CPU
		{82033AFD-ACCC-4629-87B8-5010355D0826}.Release|x64.ActiveCfg = Release|Any CPU
		{82033AFD-ACCC-4629-87B8-5010355D0826}.Release|x64.Build.0 = Release|Any CPU
		{82033AFD-ACCC-4629-87B8-5010355D0826}.Release|x86.ActiveCfg = Release|x86
		{82033AFD-ACCC-4629-87B8-5010355D0826}.Release|x86.Build.0 = Release|x86
	EndGlobalSection
	GlobalSection(SolutionProperties) = preSolution
		HideSolutionNode = FALSE
	EndGlobalSection
EndGlobal
